
Microsoft Visual Studio Solution File, Format Version 12.00
# Visual Studio Version 16
VisualStudioVersion = 16.0.31410.357
MinimumVisualStudioVersion = 10.0.40219.1
Project("{FAE04EC0-301F-11D3-BF4B-00C04F79EFBC}") = "ViocareWebApp", "ViocareWebApp\ViocareWebApp.csproj", "{73765D61-0A95-4120-B4F5-08394A7BACE6}"
EndProject
Global
	GlobalSection(SolutionConfigurationPlatforms) = preSolution
		Debug|Any CPU = Debug|Any CPU
		Release|Any CPU = Release|Any CPU
	EndGlobalSection
	GlobalSection(ProjectConfigurationPlatforms) = postSolution
		{73765D61-0A95-4120-B4F5-08394A7BACE6}.Debug|Any CPU.ActiveCfg = Debug|Any CPU
		{73765D61-0A95-4120-B4F5-08394A7BACE6}.Debug|Any CPU.Build.0 = Debug|Any CPU
		{73765D61-0A95-4120-B4F5-08394A7BACE6}.Release|Any CPU.ActiveCfg = Release|Any CPU
		{73765D61-0A95-4120-B4F5-08394A7BACE6}.Release|Any CPU.Build.0 = Release|Any CPU
	EndGlobalSection
	GlobalSection(SolutionProperties) = preSolution
		HideSolutionNode = FALSE
	EndGlobalSection
	GlobalSection(ExtensibilityGlobals) = postSolution
		SolutionGuid = {EB0A65C6-AFD2-4AEB-B1D3-8AF8D2D39439}
	EndGlobalSection
EndGlobal
